// !$*UTF8*$!
{
	archiveVersion = 1;
	classes = {
	};
	objectVersion = 56;
	objects = {

/* Begin PBXBuildFile section */
		CC10D9052CA8652E00D1C94A /* editTaskView.swift in Sources */ = {isa = PBXBuildFile; fileRef = CC10D9042CA8652E00D1C94A /* editTaskView.swift */; };
		CC2FA66F2C8654AA00D109A4 /* to_do_newestApp.swift in Sources */ = {isa = PBXBuildFile; fileRef = CC2FA66E2C8654AA00D109A4 /* to_do_newestApp.swift */; };
		CC2FA6732C8654AB00D109A4 /* Assets.xcassets in Resources */ = {isa = PBXBuildFile; fileRef = CC2FA6722C8654AB00D109A4 /* Assets.xcassets */; };
		CC2FA6762C8654AB00D109A4 /* Preview Assets.xcassets in Resources */ = {isa = PBXBuildFile; fileRef = CC2FA6752C8654AB00D109A4 /* Preview Assets.xcassets */; };
		CC2FA6992C86574A00D109A4 /* TaskView.swift in Sources */ = {isa = PBXBuildFile; fileRef = CC2FA6982C86574A00D109A4 /* TaskView.swift */; };
		CC2FA69B2C8657E700D109A4 /* TimeLineView.swift in Sources */ = {isa = PBXBuildFile; fileRef = CC2FA69A2C8657E700D109A4 /* TimeLineView.swift */; };
		CC2FA69D2C865AA200D109A4 /* SplashIcon.swift in Sources */ = {isa = PBXBuildFile; fileRef = CC2FA69C2C865AA200D109A4 /* SplashIcon.swift */; };
		CC2FA69F2C8685C000D109A4 /* SheetView.swift in Sources */ = {isa = PBXBuildFile; fileRef = CC2FA69E2C8685C000D109A4 /* SheetView.swift */; };
		CC2FA6A12C86874400D109A4 /* SheetViewModel.swift in Sources */ = {isa = PBXBuildFile; fileRef = CC2FA6A02C86874400D109A4 /* SheetViewModel.swift */; };
		CC5536722C9664160051DE1C /* Simple_TaskTests.swift in Sources */ = {isa = PBXBuildFile; fileRef = CC5536712C9664160051DE1C /* Simple_TaskTests.swift */; };
		CC55367F2C9664420051DE1C /* Simple_TaskUITests.swift in Sources */ = {isa = PBXBuildFile; fileRef = CC55367E2C9664420051DE1C /* Simple_TaskUITests.swift */; };
		CC5536812C9664420051DE1C /* Simple_TaskUITestsLaunchTests.swift in Sources */ = {isa = PBXBuildFile; fileRef = CC5536802C9664420051DE1C /* Simple_TaskUITestsLaunchTests.swift */; };
		CC5536882C98D2A60051DE1C /* ListTaskView.swift in Sources */ = {isa = PBXBuildFile; fileRef = CC5536872C98D2A60051DE1C /* ListTaskView.swift */; };
/* End PBXBuildFile section */

/* Begin PBXContainerItemProxy section */
		CC5536732C9664160051DE1C /* PBXContainerItemProxy */ = {
			isa = PBXContainerItemProxy;
			containerPortal = CC2FA6632C8654AA00D109A4 /* Project object */;
			proxyType = 1;
			remoteGlobalIDString = CC2FA66A2C8654AA00D109A4;
			remoteInfo = Simple_Task;
		};
		CC5536822C9664420051DE1C /* PBXContainerItemProxy */ = {
			isa = PBXContainerItemProxy;
			containerPortal = CC2FA6632C8654AA00D109A4 /* Project object */;
			proxyType = 1;
			remoteGlobalIDString = CC2FA66A2C8654AA00D109A4;
			remoteInfo = Simple_Task;
		};
/* End PBXContainerItemProxy section */

/* Begin PBXFileReference section */
		CC10D9042CA8652E00D1C94A /* editTaskView.swift */ = {isa = PBXFileReference; lastKnownFileType = sourcecode.swift; path = editTaskView.swift; sourceTree = "<group>"; };
		CC2FA66B2C8654AA00D109A4 /* Simple Task.app */ = {isa = PBXFileReference; explicitFileType = wrapper.application; includeInIndex = 0; path = "Simple Task.app"; sourceTree = BUILT_PRODUCTS_DIR; };
		CC2FA66E2C8654AA00D109A4 /* to_do_newestApp.swift */ = {isa = PBXFileReference; lastKnownFileType = sourcecode.swift; path = to_do_newestApp.swift; sourceTree = "<group>"; };
		CC2FA6722C8654AB00D109A4 /* Assets.xcassets */ = {isa = PBXFileReference; lastKnownFileType = folder.assetcatalog; path = Assets.xcassets; sourceTree = "<group>"; };
		CC2FA6752C8654AB00D109A4 /* Preview Assets.xcassets */ = {isa = PBXFileReference; lastKnownFileType = folder.assetcatalog; path = "Preview Assets.xcassets"; sourceTree = "<group>"; };
		CC2FA6982C86574A00D109A4 /* TaskView.swift */ = {isa = PBXFileReference; lastKnownFileType = sourcecode.swift; path = TaskView.swift; sourceTree = "<group>"; };
		CC2FA69A2C8657E700D109A4 /* TimeLineView.swift */ = {isa = PBXFileReference; lastKnownFileType = sourcecode.swift; path = TimeLineView.swift; sourceTree = "<group>"; };
		CC2FA69C2C865AA200D109A4 /* SplashIcon.swift */ = {isa = PBXFileReference; lastKnownFileType = sourcecode.swift; path = SplashIcon.swift; sourceTree = "<group>"; };
		CC2FA69E2C8685C000D109A4 /* SheetView.swift */ = {isa = PBXFileReference; lastKnownFileType = sourcecode.swift; path = SheetView.swift; sourceTree = "<group>"; };
		CC2FA6A02C86874400D109A4 /* SheetViewModel.swift */ = {isa = PBXFileReference; lastKnownFileType = sourcecode.swift; path = SheetViewModel.swift; sourceTree = "<group>"; };
		CC55366F2C9664160051DE1C /* Simple_TaskTests.xctest */ = {isa = PBXFileReference; explicitFileType = wrapper.cfbundle; includeInIndex = 0; path = Simple_TaskTests.xctest; sourceTree = BUILT_PRODUCTS_DIR; };
		CC5536712C9664160051DE1C /* Simple_TaskTests.swift */ = {isa = PBXFileReference; lastKnownFileType = sourcecode.swift; path = Simple_TaskTests.swift; sourceTree = "<group>"; };
		CC55367C2C9664420051DE1C /* Simple_TaskUITests.xctest */ = {isa = PBXFileReference; explicitFileType = wrapper.cfbundle; includeInIndex = 0; path = Simple_TaskUITests.xctest; sourceTree = BUILT_PRODUCTS_DIR; };
		CC55367E2C9664420051DE1C /* Simple_TaskUITests.swift */ = {isa = PBXFileReference; lastKnownFileType = sourcecode.swift; path = Simple_TaskUITests.swift; sourceTree = "<group>"; };
		CC5536802C9664420051DE1C /* Simple_TaskUITestsLaunchTests.swift */ = {isa = PBXFileReference; lastKnownFileType = sourcecode.swift; path = Simple_TaskUITestsLaunchTests.swift; sourceTree = "<group>"; };
		CC5536872C98D2A60051DE1C /* ListTaskView.swift */ = {isa = PBXFileReference; lastKnownFileType = sourcecode.swift; path = ListTaskView.swift; sourceTree = "<group>"; };
		CC8BC6D52C8CC98700A3DD59 /* README.md */ = {isa = PBXFileReference; lastKnownFileType = net.daringfireball.markdown; path = README.md; sourceTree = "<group>"; };
		CCF28C1E2C9500FE00B701A5 /* to-do newest.xctestplan */ = {isa = PBXFileReference; lastKnownFileType = text; path = "to-do newest.xctestplan"; sourceTree = "<group>"; };
/* End PBXFileReference section */

/* Begin PBXFrameworksBuildPhase section */
		CC2FA6682C8654AA00D109A4 /* Frameworks */ = {
			isa = PBXFrameworksBuildPhase;
			buildActionMask = 2147483647;
			files = (
			);
			runOnlyForDeploymentPostprocessing = 0;
		};
		CC55366C2C9664160051DE1C /* Frameworks */ = {
			isa = PBXFrameworksBuildPhase;
			buildActionMask = 2147483647;
			files = (
			);
			runOnlyForDeploymentPostprocessing = 0;
		};
		CC5536792C9664420051DE1C /* Frameworks */ = {
			isa = PBXFrameworksBuildPhase;
			buildActionMask = 2147483647;
			files = (
			);
			runOnlyForDeploymentPostprocessing = 0;
		};
/* End PBXFrameworksBuildPhase section */

/* Begin PBXGroup section */
		CC2FA6622C8654AA00D109A4 = {
			isa = PBXGroup;
			children = (
				CCF28C1E2C9500FE00B701A5 /* to-do newest.xctestplan */,
				CC8BC6D52C8CC98700A3DD59 /* README.md */,
				CC2FA66D2C8654AA00D109A4 /* to-do newest */,
				CC5536702C9664160051DE1C /* Simple_TaskTests */,
				CC55367D2C9664420051DE1C /* Simple_TaskUITests */,
				CC2FA66C2C8654AA00D109A4 /* Products */,
			);
			sourceTree = "<group>";
		};
		CC2FA66C2C8654AA00D109A4 /* Products */ = {
			isa = PBXGroup;
			children = (
				CC2FA66B2C8654AA00D109A4 /* Simple Task.app */,
				CC55366F2C9664160051DE1C /* Simple_TaskTests.xctest */,
				CC55367C2C9664420051DE1C /* Simple_TaskUITests.xctest */,
			);
			name = Products;
			sourceTree = "<group>";
		};
		CC2FA66D2C8654AA00D109A4 /* to-do newest */ = {
			isa = PBXGroup;
			children = (
				CC2FA66E2C8654AA00D109A4 /* to_do_newestApp.swift */,
				CC2FA69E2C8685C000D109A4 /* SheetView.swift */,
				CC2FA69C2C865AA200D109A4 /* SplashIcon.swift */,
				CC2FA69A2C8657E700D109A4 /* TimeLineView.swift */,
				CC2FA6982C86574A00D109A4 /* TaskView.swift */,
				CC2FA6A02C86874400D109A4 /* SheetViewModel.swift */,
				CC5536872C98D2A60051DE1C /* ListTaskView.swift */,
				CC10D9042CA8652E00D1C94A /* editTaskView.swift */,
				CC2FA6722C8654AB00D109A4 /* Assets.xcassets */,
				CC2FA6742C8654AB00D109A4 /* Preview Content */,
			);
			path = "to-do newest";
			sourceTree = "<group>";
		};
		CC2FA6742C8654AB00D109A4 /* Preview Content */ = {
			isa = PBXGroup;
			children = (
				CC2FA6752C8654AB00D109A4 /* Preview Assets.xcassets */,
			);
			path = "Preview Content";
			sourceTree = "<group>";
		};
		CC5536702C9664160051DE1C /* Simple_TaskTests */ = {
			isa = PBXGroup;
			children = (
				CC5536712C9664160051DE1C /* Simple_TaskTests.swift */,
			);
			path = Simple_TaskTests;
			sourceTree = "<group>";
		};
		CC55367D2C9664420051DE1C /* Simple_TaskUITests */ = {
			isa = PBXGroup;
			children = (
				CC55367E2C9664420051DE1C /* Simple_TaskUITests.swift */,
				CC5536802C9664420051DE1C /* Simple_TaskUITestsLaunchTests.swift */,
			);
			path = Simple_TaskUITests;
			sourceTree = "<group>";
		};
/* End PBXGroup section */

/* Begin PBXNativeTarget section */
		CC2FA66A2C8654AA00D109A4 /* Simple_Task */ = {
			isa = PBXNativeTarget;
			buildConfigurationList = CC2FA68F2C8654AB00D109A4 /* Build configuration list for PBXNativeTarget "Simple_Task" */;
			buildPhases = (
				CC2FA6672C8654AA00D109A4 /* Sources */,
				CC2FA6682C8654AA00D109A4 /* Frameworks */,
				CC2FA6692C8654AA00D109A4 /* Resources */,
			);
			buildRules = (
			);
			dependencies = (
			);
			name = Simple_Task;
			productName = "to-do newest";
			productReference = CC2FA66B2C8654AA00D109A4 /* Simple Task.app */;
			productType = "com.apple.product-type.application";
		};
		CC55366E2C9664160051DE1C /* Simple_TaskTests */ = {
			isa = PBXNativeTarget;
			buildConfigurationList = CC5536752C9664160051DE1C /* Build configuration list for PBXNativeTarget "Simple_TaskTests" */;
			buildPhases = (
				CC55366B2C9664160051DE1C /* Sources */,
				CC55366C2C9664160051DE1C /* Frameworks */,
				CC55366D2C9664160051DE1C /* Resources */,
			);
			buildRules = (
			);
			dependencies = (
				CC5536742C9664160051DE1C /* PBXTargetDependency */,
			);
			name = Simple_TaskTests;
			productName = Simple_TaskTests;
			productReference = CC55366F2C9664160051DE1C /* Simple_TaskTests.xctest */;
			productType = "com.apple.product-type.bundle.unit-test";
		};
		CC55367B2C9664420051DE1C /* Simple_TaskUITests */ = {
			isa = PBXNativeTarget;
			buildConfigurationList = CC5536842C9664420051DE1C /* Build configuration list for PBXNativeTarget "Simple_TaskUITests" */;
			buildPhases = (
				CC5536782C9664420051DE1C /* Sources */,
				CC5536792C9664420051DE1C /* Frameworks */,
				CC55367A2C9664420051DE1C /* Resources */,
			);
			buildRules = (
			);
			dependencies = (
				CC5536832C9664420051DE1C /* PBXTargetDependency */,
			);
			name = Simple_TaskUITests;
			productName = Simple_TaskUITests;
			productReference = CC55367C2C9664420051DE1C /* Simple_TaskUITests.xctest */;
			productType = "com.apple.product-type.bundle.ui-testing";
		};
/* End PBXNativeTarget section */

/* Begin PBXProject section */
		CC2FA6632C8654AA00D109A4 /* Project object */ = {
			isa = PBXProject;
			attributes = {
				BuildIndependentTargetsInParallel = 1;
				LastSwiftUpdateCheck = 1540;
				LastUpgradeCheck = 1540;
				TargetAttributes = {
					CC2FA66A2C8654AA00D109A4 = {
						CreatedOnToolsVersion = 15.4;
					};
					CC55366E2C9664160051DE1C = {
						CreatedOnToolsVersion = 15.4;
						TestTargetID = CC2FA66A2C8654AA00D109A4;
					};
					CC55367B2C9664420051DE1C = {
						CreatedOnToolsVersion = 15.4;
						TestTargetID = CC2FA66A2C8654AA00D109A4;
					};
				};
			};
			buildConfigurationList = CC2FA6662C8654AA00D109A4 /* Build configuration list for PBXProject "Simple_Task" */;
			compatibilityVersion = "Xcode 14.0";
			developmentRegion = en;
			hasScannedForEncodings = 0;
			knownRegions = (
				en,
				Base,
			);
			mainGroup = CC2FA6622C8654AA00D109A4;
			productRefGroup = CC2FA66C2C8654AA00D109A4 /* Products */;
			projectDirPath = "";
			projectRoot = "";
			targets = (
				CC2FA66A2C8654AA00D109A4 /* Simple_Task */,
				CC55366E2C9664160051DE1C /* Simple_TaskTests */,
				CC55367B2C9664420051DE1C /* Simple_TaskUITests */,
			);
		};
/* End PBXProject section */

/* Begin PBXResourcesBuildPhase section */
		CC2FA6692C8654AA00D109A4 /* Resources */ = {
			isa = PBXResourcesBuildPhase;
			buildActionMask = 2147483647;
			files = (
				CC2FA6762C8654AB00D109A4 /* Preview Assets.xcassets in Resources */,
				CC2FA6732C8654AB00D109A4 /* Assets.xcassets in Resources */,
			);
			runOnlyForDeploymentPostprocessing = 0;
		};
		CC55366D2C9664160051DE1C /* Resources */ = {
			isa = PBXResourcesBuildPhase;
			buildActionMask = 2147483647;
			files = (
			);
			runOnlyForDeploymentPostprocessing = 0;
		};
		CC55367A2C9664420051DE1C /* Resources */ = {
			isa = PBXResourcesBuildPhase;
			buildActionMask = 2147483647;
			files = (
			);
			runOnlyForDeploymentPostprocessing = 0;
		};
/* End PBXResourcesBuildPhase section */

/* Begin PBXSourcesBuildPhase section */
		CC2FA6672C8654AA00D109A4 /* Sources */ = {
			isa = PBXSourcesBuildPhase;
			buildActionMask = 2147483647;
			files = (
				CC2FA6A12C86874400D109A4 /* SheetViewModel.swift in Sources */,
				CC10D9052CA8652E00D1C94A /* editTaskView.swift in Sources */,
				CC2FA69B2C8657E700D109A4 /* TimeLineView.swift in Sources */,
				CC2FA6992C86574A00D109A4 /* TaskView.swift in Sources */,
				CC2FA69F2C8685C000D109A4 /* SheetView.swift in Sources */,
				CC2FA66F2C8654AA00D109A4 /* to_do_newestApp.swift in Sources */,
				CC5536882C98D2A60051DE1C /* ListTaskView.swift in Sources */,
				CC2FA69D2C865AA200D109A4 /* SplashIcon.swift in Sources */,
			);
			runOnlyForDeploymentPostprocessing = 0;
		};
		CC55366B2C9664160051DE1C /* Sources */ = {
			isa = PBXSourcesBuildPhase;
			buildActionMask = 2147483647;
			files = (
				CC5536722C9664160051DE1C /* Simple_TaskTests.swift in Sources */,
			);
			runOnlyForDeploymentPostprocessing = 0;
		};
		CC5536782C9664420051DE1C /* Sources */ = {
			isa = PBXSourcesBuildPhase;
			buildActionMask = 2147483647;
			files = (
				CC55367F2C9664420051DE1C /* Simple_TaskUITests.swift in Sources */,
				CC5536812C9664420051DE1C /* Simple_TaskUITestsLaunchTests.swift in Sources */,
			);
			runOnlyForDeploymentPostprocessing = 0;
		};
/* End PBXSourcesBuildPhase section */

/* Begin PBXTargetDependency section */
		CC5536742C9664160051DE1C /* PBXTargetDependency */ = {
			isa = PBXTargetDependency;
			target = CC2FA66A2C8654AA00D109A4 /* Simple_Task */;
			targetProxy = CC5536732C9664160051DE1C /* PBXContainerItemProxy */;
		};
		CC5536832C9664420051DE1C /* PBXTargetDependency */ = {
			isa = PBXTargetDependency;
			target = CC2FA66A2C8654AA00D109A4 /* Simple_Task */;
			targetProxy = CC5536822C9664420051DE1C /* PBXContainerItemProxy */;
		};
/* End PBXTargetDependency section */

/* Begin XCBuildConfiguration section */
		CC2FA68D2C8654AB00D109A4 /* Debug */ = {
			isa = XCBuildConfiguration;
			buildSettings = {
				ALWAYS_SEARCH_USER_PATHS = NO;
				ASSETCATALOG_COMPILER_GENERATE_SWIFT_ASSET_SYMBOL_EXTENSIONS = YES;
				CLANG_ANALYZER_NONNULL = YES;
				CLANG_ANALYZER_NUMBER_OBJECT_CONVERSION = YES_AGGRESSIVE;
				CLANG_CXX_LANGUAGE_STANDARD = "gnu++20";
				CLANG_ENABLE_MODULES = YES;
				CLANG_ENABLE_OBJC_ARC = YES;
				CLANG_ENABLE_OBJC_WEAK = YES;
				CLANG_WARN_BLOCK_CAPTURE_AUTORELEASING = YES;
				CLANG_WARN_BOOL_CONVERSION = YES;
				CLANG_WARN_COMMA = YES;
				CLANG_WARN_CONSTANT_CONVERSION = YES;
				CLANG_WARN_DEPRECATED_OBJC_IMPLEMENTATIONS = YES;
				CLANG_WARN_DIRECT_OBJC_ISA_USAGE = YES_ERROR;
				CLANG_WARN_DOCUMENTATION_COMMENTS = YES;
				CLANG_WARN_EMPTY_BODY = YES;
				CLANG_WARN_ENUM_CONVERSION = YES;
				CLANG_WARN_INFINITE_RECURSION = YES;
				CLANG_WARN_INT_CONVERSION = YES;
				CLANG_WARN_NON_LITERAL_NULL_CONVERSION = YES;
				CLANG_WARN_OBJC_IMPLICIT_RETAIN_SELF = YES;
				CLANG_WARN_OBJC_LITERAL_CONVERSION = YES;
				CLANG_WARN_OBJC_ROOT_CLASS = YES_ERROR;
				CLANG_WARN_QUOTED_INCLUDE_IN_FRAMEWORK_HEADER = YES;
				CLANG_WARN_RANGE_LOOP_ANALYSIS = YES;
				CLANG_WARN_STRICT_PROTOTYPES = YES;
				CLANG_WARN_SUSPICIOUS_MOVE = YES;
				CLANG_WARN_UNGUARDED_AVAILABILITY = YES_AGGRESSIVE;
				CLANG_WARN_UNREACHABLE_CODE = YES;
				CLANG_WARN__DUPLICATE_METHOD_MATCH = YES;
				COPY_PHASE_STRIP = NO;
				DEBUG_INFORMATION_FORMAT = dwarf;
				ENABLE_STRICT_OBJC_MSGSEND = YES;
				ENABLE_TESTABILITY = YES;
				ENABLE_USER_SCRIPT_SANDBOXING = YES;
				GCC_C_LANGUAGE_STANDARD = gnu17;
				GCC_DYNAMIC_NO_PIC = NO;
				GCC_NO_COMMON_BLOCKS = YES;
				GCC_OPTIMIZATION_LEVEL = 0;
				GCC_PREPROCESSOR_DEFINITIONS = (
					"DEBUG=1",
					"$(inherited)",
				);
				GCC_WARN_64_TO_32_BIT_CONVERSION = YES;
				GCC_WARN_ABOUT_RETURN_TYPE = YES_ERROR;
				GCC_WARN_UNDECLARED_SELECTOR = YES;
				GCC_WARN_UNINITIALIZED_AUTOS = YES_AGGRESSIVE;
				GCC_WARN_UNUSED_FUNCTION = YES;
				GCC_WARN_UNUSED_VARIABLE = YES;
				IPHONEOS_DEPLOYMENT_TARGET = 17.5;
				LOCALIZATION_PREFERS_STRING_CATALOGS = YES;
				MTL_ENABLE_DEBUG_INFO = INCLUDE_SOURCE;
				MTL_FAST_MATH = YES;
				ONLY_ACTIVE_ARCH = YES;
				SDKROOT = iphoneos;
				SWIFT_ACTIVE_COMPILATION_CONDITIONS = "DEBUG $(inherited)";
				SWIFT_OPTIMIZATION_LEVEL = "-Onone";
			};
			name = Debug;
		};
		CC2FA68E2C8654AB00D109A4 /* Release */ = {
			isa = XCBuildConfiguration;
			buildSettings = {
				ALWAYS_SEARCH_USER_PATHS = NO;
				ASSETCATALOG_COMPILER_GENERATE_SWIFT_ASSET_SYMBOL_EXTENSIONS = YES;
				CLANG_ANALYZER_NONNULL = YES;
				CLANG_ANALYZER_NUMBER_OBJECT_CONVERSION = YES_AGGRESSIVE;
				CLANG_CXX_LANGUAGE_STANDARD = "gnu++20";
				CLANG_ENABLE_MODULES = YES;
				CLANG_ENABLE_OBJC_ARC = YES;
				CLANG_ENABLE_OBJC_WEAK = YES;
				CLANG_WARN_BLOCK_CAPTURE_AUTORELEASING = YES;
				CLANG_WARN_BOOL_CONVERSION = YES;
				CLANG_WARN_COMMA = YES;
				CLANG_WARN_CONSTANT_CONVERSION = YES;
				CLANG_WARN_DEPRECATED_OBJC_IMPLEMENTATIONS = YES;
				CLANG_WARN_DIRECT_OBJC_ISA_USAGE = YES_ERROR;
				CLANG_WARN_DOCUMENTATION_COMMENTS = YES;
				CLANG_WARN_EMPTY_BODY = YES;
				CLANG_WARN_ENUM_CONVERSION = YES;
				CLANG_WARN_INFINITE_RECURSION = YES;
				CLANG_WARN_INT_CONVERSION = YES;
				CLANG_WARN_NON_LITERAL_NULL_CONVERSION = YES;
				CLANG_WARN_OBJC_IMPLICIT_RETAIN_SELF = YES;
				CLANG_WARN_OBJC_LITERAL_CONVERSION = YES;
				CLANG_WARN_OBJC_ROOT_CLASS = YES_ERROR;
				CLANG_WARN_QUOTED_INCLUDE_IN_FRAMEWORK_HEADER = YES;
				CLANG_WARN_RANGE_LOOP_ANALYSIS = YES;
				CLANG_WARN_STRICT_PROTOTYPES = YES;
				CLANG_WARN_SUSPICIOUS_MOVE = YES;
				CLANG_WARN_UNGUARDED_AVAILABILITY = YES_AGGRESSIVE;
				CLANG_WARN_UNREACHABLE_CODE = YES;
				CLANG_WARN__DUPLICATE_METHOD_MATCH = YES;
				COPY_PHASE_STRIP = NO;
				DEBUG_INFORMATION_FORMAT = "dwarf-with-dsym";
				ENABLE_NS_ASSERTIONS = NO;
				ENABLE_STRICT_OBJC_MSGSEND = YES;
				ENABLE_USER_SCRIPT_SANDBOXING = YES;
				GCC_C_LANGUAGE_STANDARD = gnu17;
				GCC_NO_COMMON_BLOCKS = YES;
				GCC_WARN_64_TO_32_BIT_CONVERSION = YES;
				GCC_WARN_ABOUT_RETURN_TYPE = YES_ERROR;
				GCC_WARN_UNDECLARED_SELECTOR = YES;
				GCC_WARN_UNINITIALIZED_AUTOS = YES_AGGRESSIVE;
				GCC_WARN_UNUSED_FUNCTION = YES;
				GCC_WARN_UNUSED_VARIABLE = YES;
				IPHONEOS_DEPLOYMENT_TARGET = 17.5;
				LOCALIZATION_PREFERS_STRING_CATALOGS = YES;
				MTL_ENABLE_DEBUG_INFO = NO;
				MTL_FAST_MATH = YES;
				SDKROOT = iphoneos;
				SWIFT_COMPILATION_MODE = wholemodule;
				VALIDATE_PRODUCT = YES;
			};
			name = Release;
		};
		CC2FA6902C8654AB00D109A4 /* Debug */ = {
			isa = XCBuildConfiguration;
			buildSettings = {
				ASSETCATALOG_COMPILER_APPICON_NAME = AppIcon;
				ASSETCATALOG_COMPILER_GLOBAL_ACCENT_COLOR_NAME = AccentColor;
				CODE_SIGN_STYLE = Automatic;
				CURRENT_PROJECT_VERSION = 1;
				DEVELOPMENT_ASSET_PATHS = "\"to-do newest/Preview Content\"";
				ENABLE_PREVIEWS = YES;
				GENERATE_INFOPLIST_FILE = YES;
				INFOPLIST_KEY_CFBundleDisplayName = "Simple Task";
				INFOPLIST_KEY_UIApplicationSceneManifest_Generation = YES;
				INFOPLIST_KEY_UIApplicationSupportsIndirectInputEvents = YES;
				INFOPLIST_KEY_UILaunchScreen_Generation = YES;
				INFOPLIST_KEY_UISupportedInterfaceOrientations_iPad = "UIInterfaceOrientationPortrait UIInterfaceOrientationPortraitUpsideDown UIInterfaceOrientationLandscapeLeft UIInterfaceOrientationLandscapeRight";
				INFOPLIST_KEY_UISupportedInterfaceOrientations_iPhone = "UIInterfaceOrientationPortrait UIInterfaceOrientationLandscapeLeft UIInterfaceOrientationLandscapeRight";
				LD_RUNPATH_SEARCH_PATHS = (
					"$(inherited)",
					"@executable_path/Frameworks",
				);
				MARKETING_VERSION = 1.0;
				PRODUCT_BUNDLE_IDENTIFIER = "guinterzaffalon.to-do-newest";
				PRODUCT_NAME = "Simple Task";
				SWIFT_EMIT_LOC_STRINGS = YES;
				SWIFT_VERSION = 5.0;
				TARGETED_DEVICE_FAMILY = "1,2";
			};
			name = Debug;
		};
		CC2FA6912C8654AB00D109A4 /* Release */ = {
			isa = XCBuildConfiguration;
			buildSettings = {
				ASSETCATALOG_COMPILER_APPICON_NAME = AppIcon;
				ASSETCATALOG_COMPILER_GLOBAL_ACCENT_COLOR_NAME = AccentColor;
				CODE_SIGN_STYLE = Automatic;
				CURRENT_PROJECT_VERSION = 1;
				DEVELOPMENT_ASSET_PATHS = "\"to-do newest/Preview Content\"";
				ENABLE_PREVIEWS = YES;
				GENERATE_INFOPLIST_FILE = YES;
				INFOPLIST_KEY_CFBundleDisplayName = "Simple Task";
				INFOPLIST_KEY_UIApplicationSceneManifest_Generation = YES;
				INFOPLIST_KEY_UIApplicationSupportsIndirectInputEvents = YES;
				INFOPLIST_KEY_UILaunchScreen_Generation = YES;
				INFOPLIST_KEY_UISupportedInterfaceOrientations_iPad = "UIInterfaceOrientationPortrait UIInterfaceOrientationPortraitUpsideDown UIInterfaceOrientationLandscapeLeft UIInterfaceOrientationLandscapeRight";
				INFOPLIST_KEY_UISupportedInterfaceOrientations_iPhone = "UIInterfaceOrientationPortrait UIInterfaceOrientationLandscapeLeft UIInterfaceOrientationLandscapeRight";
				LD_RUNPATH_SEARCH_PATHS = (
					"$(inherited)",
					"@executable_path/Frameworks",
				);
				MARKETING_VERSION = 1.0;
				PRODUCT_BUNDLE_IDENTIFIER = "guinterzaffalon.to-do-newest";
				PRODUCT_NAME = "Simple Task";
				SWIFT_EMIT_LOC_STRINGS = YES;
				SWIFT_VERSION = 5.0;
				TARGETED_DEVICE_FAMILY = "1,2";
			};
			name = Release;
		};
		CC5536762C9664160051DE1C /* Debug */ = {
			isa = XCBuildConfiguration;
			buildSettings = {
				BUNDLE_LOADER = "$(TEST_HOST)";
				CODE_SIGN_STYLE = Automatic;
				CURRENT_PROJECT_VERSION = 1;
				GENERATE_INFOPLIST_FILE = YES;
				MARKETING_VERSION = 1.0;
				PRODUCT_BUNDLE_IDENTIFIER = "identificador.Simple-TaskTests";
				PRODUCT_NAME = "$(TARGET_NAME)";
				SWIFT_EMIT_LOC_STRINGS = NO;
				SWIFT_VERSION = 5.0;
				TARGETED_DEVICE_FAMILY = "1,2";
				TEST_HOST = "$(BUILT_PRODUCTS_DIR)/Simple Task.app/$(BUNDLE_EXECUTABLE_FOLDER_PATH)/Simple Task";
			};
			name = Debug;
		};
		CC5536772C9664160051DE1C /* Release */ = {
			isa = XCBuildConfiguration;
			buildSettings = {
				BUNDLE_LOADER = "$(TEST_HOST)";
				CODE_SIGN_STYLE = Automatic;
				CURRENT_PROJECT_VERSION = 1;
				GENERATE_INFOPLIST_FILE = YES;
				MARKETING_VERSION = 1.0;
				PRODUCT_BUNDLE_IDENTIFIER = "identificador.Simple-TaskTests";
				PRODUCT_NAME = "$(TARGET_NAME)";
				SWIFT_EMIT_LOC_STRINGS = NO;
				SWIFT_VERSION = 5.0;
				TARGETED_DEVICE_FAMILY = "1,2";
				TEST_HOST = "$(BUILT_PRODUCTS_DIR)/Simple Task.app/$(BUNDLE_EXECUTABLE_FOLDER_PATH)/Simple Task";
			};
			name = Release;
		};
		CC5536852C9664420051DE1C /* Debug */ = {
			isa = XCBuildConfiguration;
			buildSettings = {
				CODE_SIGN_STYLE = Automatic;
				CURRENT_PROJECT_VERSION = 1;
				GENERATE_INFOPLIST_FILE = YES;
				MARKETING_VERSION = 1.0;
				PRODUCT_BUNDLE_IDENTIFIER = "identificador.Simple-TaskUITests";
				PRODUCT_NAME = "$(TARGET_NAME)";
				SWIFT_EMIT_LOC_STRINGS = NO;
				SWIFT_VERSION = 5.0;
				TARGETED_DEVICE_FAMILY = "1,2";
				TEST_TARGET_NAME = Simple_Task;
			};
			name = Debug;
		};
		CC5536862C9664420051DE1C /* Release */ = {
			isa = XCBuildConfiguration;
			buildSettings = {
				CODE_SIGN_STYLE = Automatic;
				CURRENT_PROJECT_VERSION = 1;
				GENERATE_INFOPLIST_FILE = YES;
				MARKETING_VERSION = 1.0;
				PRODUCT_BUNDLE_IDENTIFIER = "identificador.Simple-TaskUITests";
				PRODUCT_NAME = "$(TARGET_NAME)";
				SWIFT_EMIT_LOC_STRINGS = NO;
				SWIFT_VERSION = 5.0;
				TARGETED_DEVICE_FAMILY = "1,2";
				TEST_TARGET_NAME = Simple_Task;
			};
			name = Release;
		};
/* End XCBuildConfiguration section */

/* Begin XCConfigurationList section */
		CC2FA6662C8654AA00D109A4 /* Build configuration list for PBXProject "Simple_Task" */ = {
			isa = XCConfigurationList;
			buildConfigurations = (
				CC2FA68D2C8654AB00D109A4 /* Debug */,
				CC2FA68E2C8654AB00D109A4 /* Release */,
			);
			defaultConfigurationIsVisible = 0;
			defaultConfigurationName = Release;
		};
		CC2FA68F2C8654AB00D109A4 /* Build configuration list for PBXNativeTarget "Simple_Task" */ = {
			isa = XCConfigurationList;
			buildConfigurations = (
				CC2FA6902C8654AB00D109A4 /* Debug */,
				CC2FA6912C8654AB00D109A4 /* Release */,
			);
			defaultConfigurationIsVisible = 0;
			defaultConfigurationName = Release;
		};
		CC5536752C9664160051DE1C /* Build configuration list for PBXNativeTarget "Simple_TaskTests" */ = {
			isa = XCConfigurationList;
			buildConfigurations = (
				CC5536762C9664160051DE1C /* Debug */,
				CC5536772C9664160051DE1C /* Release */,
			);
			defaultConfigurationIsVisible = 0;
			defaultConfigurationName = Release;
		};
		CC5536842C9664420051DE1C /* Build configuration list for PBXNativeTarget "Simple_TaskUITests" */ = {
			isa = XCConfigurationList;
			buildConfigurations = (
				CC5536852C9664420051DE1C /* Debug */,
				CC5536862C9664420051DE1C /* Release */,
			);
			defaultConfigurationIsVisible = 0;
			defaultConfigurationName = Release;
		};
/* End XCConfigurationList section */
	};
	rootObject = CC2FA6632C8654AA00D109A4 /* Project object */;
}
